
Microsoft Visual Studio Solution File, Format Version 12.00
# Visual Studio Version 16
VisualStudioVersion = 16.0.31624.102
MinimumVisualStudioVersion = 10.0.40219.1
Project("{9A19103F-16F7-4668-BE54-9A1E7A4F7556}") = "Metrics", "Metrics.csproj", "{7F8C26FF-933C-49ED-9DE4-9149517BA2E6}"
EndProject
Global
	GlobalSection(SolutionConfigurationPlatforms) = preSolution
		Debug|Any CPU = Debug|Any CPU
		Release|Any CPU = Release|Any CPU
	EndGlobalSection
	GlobalSection(ProjectConfigurationPlatforms) = postSolution
		{7F8C26FF-933C-49ED-9DE4-9149517BA2E6}.Debug|Any CPU.ActiveCfg = Debug|Any CPU
		{7F8C26FF-933C-49ED-9DE4-9149517BA2E6}.Debug|Any CPU.Build.0 = Debug|Any CPU
		{7F8C26FF-933C-49ED-9DE4-9149517BA2E6}.Release|Any CPU.ActiveCfg = Release|Any CPU
		{7F8C26FF-933C-49ED-9DE4-9149517BA2E6}.Release|Any CPU.Build.0 = Release|Any CPU
	EndGlobalSection
	GlobalSection(SolutionProperties) = preSolution
		HideSolutionNode = FALSE
	EndGlobalSection
	GlobalSection(ExtensibilityGlobals) = postSolution
		SolutionGuid = {70C7E4F5-67CD-43E5-A3E2-11407FB037A1}
	EndGlobalSection
EndGlobal
